// !$*UTF8*$!
{
	archiveVersion = 1;
	classes = {
	};
	objectVersion = 46;
	objects = {

/* Begin PBXBuildFile section */
		2228B6C017CF4E3600D39BA8 /* UIKit.framework in Frameworks */ = {isa = PBXBuildFile; fileRef = 2228B6BF17CF4E3600D39BA8 /* UIKit.framework */; };
		2228B6C217CF4E3600D39BA8 /* Foundation.framework in Frameworks */ = {isa = PBXBuildFile; fileRef = 2228B6C117CF4E3600D39BA8 /* Foundation.framework */; };
		2228B6C417CF4E3600D39BA8 /* CoreGraphics.framework in Frameworks */ = {isa = PBXBuildFile; fileRef = 2228B6C317CF4E3600D39BA8 /* CoreGraphics.framework */; };
		2228B6CA17CF4E3600D39BA8 /* InfoPlist.strings in Resources */ = {isa = PBXBuildFile; fileRef = 2228B6C817CF4E3600D39BA8 /* InfoPlist.strings */; };
		2228B6CC17CF4E3600D39BA8 /* main.m in Sources */ = {isa = PBXBuildFile; fileRef = 2228B6CB17CF4E3600D39BA8 /* main.m */; };
		2228B6D017CF4E3600D39BA8 /* AppDelegate.m in Sources */ = {isa = PBXBuildFile; fileRef = 2228B6CF17CF4E3600D39BA8 /* AppDelegate.m */; };
		2228B6D217CF4E3600D39BA8 /* Default.png in Resources */ = {isa = PBXBuildFile; fileRef = 2228B6D117CF4E3600D39BA8 /* Default.png */; };
		2228B6D417CF4E3600D39BA8 /* Default@2x.png in Resources */ = {isa = PBXBuildFile; fileRef = 2228B6D317CF4E3600D39BA8 /* Default@2x.png */; };
		2228B6D617CF4E3600D39BA8 /* Default-568h@2x.png in Resources */ = {isa = PBXBuildFile; fileRef = 2228B6D517CF4E3600D39BA8 /* Default-568h@2x.png */; };
		2228B6D917CF4E3600D39BA8 /* ViewController.m in Sources */ = {isa = PBXBuildFile; fileRef = 2228B6D817CF4E3600D39BA8 /* ViewController.m */; };
		2228B6E417CF4E3600D39BA8 /* SenTestingKit.framework in Frameworks */ = {isa = PBXBuildFile; fileRef = 2228B6E317CF4E3600D39BA8 /* SenTestingKit.framework */; };
		2228B6E517CF4E3600D39BA8 /* UIKit.framework in Frameworks */ = {isa = PBXBuildFile; fileRef = 2228B6BF17CF4E3600D39BA8 /* UIKit.framework */; };
		2228B6E617CF4E3600D39BA8 /* Foundation.framework in Frameworks */ = {isa = PBXBuildFile; fileRef = 2228B6C117CF4E3600D39BA8 /* Foundation.framework */; };
		2228B6EE17CF4E3600D39BA8 /* InfoPlist.strings in Resources */ = {isa = PBXBuildFile; fileRef = 2228B6EC17CF4E3600D39BA8 /* InfoPlist.strings */; };
		2228B6F117CF4E3600D39BA8 /* TrafficLightsTests.m in Sources */ = {isa = PBXBuildFile; fileRef = 2228B6F017CF4E3600D39BA8 /* TrafficLightsTests.m */; };
		2228B70117CF50C300D39BA8 /* ModelTests.m in Sources */ = {isa = PBXBuildFile; fileRef = 2228B70017CF50C300D39BA8 /* ModelTests.m */; };
		2228B70417CF5DA900D39BA8 /* LightEngine.m in Sources */ = {isa = PBXBuildFile; fileRef = 2228B70317CF5DA900D39BA8 /* LightEngine.m */; };
		22470D9E17CFA0DB0073CC2F /* lights.png in Resources */ = {isa = PBXBuildFile; fileRef = 22470D9817CFA0DB0073CC2F /* lights.png */; };
		22470D9F17CFA0DB0073CC2F /* lights@2x.png in Resources */ = {isa = PBXBuildFile; fileRef = 22470D9917CFA0DB0073CC2F /* lights@2x.png */; };
		22470DA017CFA0DB0073CC2F /* noEntry.png in Resources */ = {isa = PBXBuildFile; fileRef = 22470D9A17CFA0DB0073CC2F /* noEntry.png */; };
		22470DA117CFA0DB0073CC2F /* noEntry@2x.jpg in Resources */ = {isa = PBXBuildFile; fileRef = 22470D9B17CFA0DB0073CC2F /* noEntry@2x.jpg */; };
		22470DA217CFA0DB0073CC2F /* stop.png in Resources */ = {isa = PBXBuildFile; fileRef = 22470D9C17CFA0DB0073CC2F /* stop.png */; };
		22470DA317CFA0DB0073CC2F /* stop@2x.png in Resources */ = {isa = PBXBuildFile; fileRef = 22470D9D17CFA0DB0073CC2F /* stop@2x.png */; };
		22470DA517CFA2600073CC2F /* ViewController.xib in Resources */ = {isa = PBXBuildFile; fileRef = 22470DA417CFA2600073CC2F /* ViewController.xib */; };
		22470DA917CFA4370073CC2F /* UITests.m in Sources */ = {isa = PBXBuildFile; fileRef = 22470DA817CFA4370073CC2F /* UITests.m */; };
		5C0AD4E6990044FBAE866948 /* libPods-TrafficLightsTests.a in Frameworks */ = {isa = PBXBuildFile; fileRef = B1EA8BF3893E4C5D8AF4618D /* libPods-TrafficLightsTests.a */; };
/* End PBXBuildFile section */

/* Begin PBXContainerItemProxy section */
		2228B6E717CF4E3600D39BA8 /* PBXContainerItemProxy */ = {
			isa = PBXContainerItemProxy;
			containerPortal = 2228B6B417CF4E3600D39BA8 /* Project object */;
			proxyType = 1;
			remoteGlobalIDString = 2228B6BB17CF4E3600D39BA8;
			remoteInfo = TrafficLights;
		};
/* End PBXContainerItemProxy section */

/* Begin PBXFileReference section */
		2228B6BC17CF4E3600D39BA8 /* TrafficLights.app */ = {isa = PBXFileReference; explicitFileType = wrapper.application; includeInIndex = 0; path = TrafficLights.app; sourceTree = BUILT_PRODUCTS_DIR; };
		2228B6BF17CF4E3600D39BA8 /* UIKit.framework */ = {isa = PBXFileReference; lastKnownFileType = wrapper.framework; name = UIKit.framework; path = System/Library/Frameworks/UIKit.framework; sourceTree = SDKROOT; };
		2228B6C117CF4E3600D39BA8 /* Foundation.framework */ = {isa = PBXFileReference; lastKnownFileType = wrapper.framework; name = Foundation.framework; path = System/Library/Frameworks/Foundation.framework; sourceTree = SDKROOT; };
		2228B6C317CF4E3600D39BA8 /* CoreGraphics.framework */ = {isa = PBXFileReference; lastKnownFileType = wrapper.framework; name = CoreGraphics.framework; path = System/Library/Frameworks/CoreGraphics.framework; sourceTree = SDKROOT; };
		2228B6C717CF4E3600D39BA8 /* TrafficLights-Info.plist */ = {isa = PBXFileReference; lastKnownFileType = text.plist.xml; path = "TrafficLights-Info.plist"; sourceTree = "<group>"; };
		2228B6C917CF4E3600D39BA8 /* en */ = {isa = PBXFileReference; lastKnownFileType = text.plist.strings; name = en; path = en.lproj/InfoPlist.strings; sourceTree = "<group>"; };
		2228B6CB17CF4E3600D39BA8 /* main.m */ = {isa = PBXFileReference; lastKnownFileType = sourcecode.c.objc; path = main.m; sourceTree = "<group>"; };
		2228B6CD17CF4E3600D39BA8 /* TrafficLights-Prefix.pch */ = {isa = PBXFileReference; lastKnownFileType = sourcecode.c.h; path = "TrafficLights-Prefix.pch"; sourceTree = "<group>"; };
		2228B6CE17CF4E3600D39BA8 /* AppDelegate.h */ = {isa = PBXFileReference; lastKnownFileType = sourcecode.c.h; path = AppDelegate.h; sourceTree = "<group>"; };
		2228B6CF17CF4E3600D39BA8 /* AppDelegate.m */ = {isa = PBXFileReference; lastKnownFileType = sourcecode.c.objc; path = AppDelegate.m; sourceTree = "<group>"; };
		2228B6D117CF4E3600D39BA8 /* Default.png */ = {isa = PBXFileReference; lastKnownFileType = image.png; path = Default.png; sourceTree = "<group>"; };
		2228B6D317CF4E3600D39BA8 /* Default@2x.png */ = {isa = PBXFileReference; lastKnownFileType = image.png; path = "Default@2x.png"; sourceTree = "<group>"; };
		2228B6D517CF4E3600D39BA8 /* Default-568h@2x.png */ = {isa = PBXFileReference; lastKnownFileType = image.png; path = "Default-568h@2x.png"; sourceTree = "<group>"; };
		2228B6D717CF4E3600D39BA8 /* ViewController.h */ = {isa = PBXFileReference; lastKnownFileType = sourcecode.c.h; path = ViewController.h; sourceTree = "<group>"; };
		2228B6D817CF4E3600D39BA8 /* ViewController.m */ = {isa = PBXFileReference; lastKnownFileType = sourcecode.c.objc; path = ViewController.m; sourceTree = "<group>"; };
		2228B6E217CF4E3600D39BA8 /* TrafficLightsTests.octest */ = {isa = PBXFileReference; explicitFileType = wrapper.cfbundle; includeInIndex = 0; path = TrafficLightsTests.octest; sourceTree = BUILT_PRODUCTS_DIR; };
		2228B6E317CF4E3600D39BA8 /* SenTestingKit.framework */ = {isa = PBXFileReference; lastKnownFileType = wrapper.framework; name = SenTestingKit.framework; path = Library/Frameworks/SenTestingKit.framework; sourceTree = DEVELOPER_DIR; };
		2228B6EB17CF4E3600D39BA8 /* TrafficLightsTests-Info.plist */ = {isa = PBXFileReference; lastKnownFileType = text.plist.xml; path = "TrafficLightsTests-Info.plist"; sourceTree = "<group>"; };
		2228B6ED17CF4E3600D39BA8 /* en */ = {isa = PBXFileReference; lastKnownFileType = text.plist.strings; name = en; path = en.lproj/InfoPlist.strings; sourceTree = "<group>"; };
		2228B6F017CF4E3600D39BA8 /* TrafficLightsTests.m */ = {isa = PBXFileReference; lastKnownFileType = sourcecode.c.objc; path = TrafficLightsTests.m; sourceTree = "<group>"; };
		2228B70017CF50C300D39BA8 /* ModelTests.m */ = {isa = PBXFileReference; fileEncoding = 4; lastKnownFileType = sourcecode.c.objc; path = ModelTests.m; sourceTree = "<group>"; };
		2228B70217CF5DA900D39BA8 /* LightEngine.h */ = {isa = PBXFileReference; fileEncoding = 4; lastKnownFileType = sourcecode.c.h; path = LightEngine.h; sourceTree = "<group>"; };
		2228B70317CF5DA900D39BA8 /* LightEngine.m */ = {isa = PBXFileReference; fileEncoding = 4; lastKnownFileType = sourcecode.c.objc; path = LightEngine.m; sourceTree = "<group>"; };
		22470D9817CFA0DB0073CC2F /* lights.png */ = {isa = PBXFileReference; lastKnownFileType = image.png; path = lights.png; sourceTree = "<group>"; };
		22470D9917CFA0DB0073CC2F /* lights@2x.png */ = {isa = PBXFileReference; lastKnownFileType = image.png; path = "lights@2x.png"; sourceTree = "<group>"; };
		22470D9A17CFA0DB0073CC2F /* noEntry.png */ = {isa = PBXFileReference; lastKnownFileType = image.png; path = noEntry.png; sourceTree = "<group>"; };
		22470D9B17CFA0DB0073CC2F /* noEntry@2x.jpg */ = {isa = PBXFileReference; lastKnownFileType = image.jpeg; path = "noEntry@2x.jpg"; sourceTree = "<group>"; };
		22470D9C17CFA0DB0073CC2F /* stop.png */ = {isa = PBXFileReference; lastKnownFileType = image.png; path = stop.png; sourceTree = "<group>"; };
		22470D9D17CFA0DB0073CC2F /* stop@2x.png */ = {isa = PBXFileReference; lastKnownFileType = image.png; path = "stop@2x.png"; sourceTree = "<group>"; };
		22470DA417CFA2600073CC2F /* ViewController.xib */ = {isa = PBXFileReference; fileEncoding = 4; lastKnownFileType = file.xib; path = ViewController.xib; sourceTree = "<group>"; };
		22470DA817CFA4370073CC2F /* UITests.m */ = {isa = PBXFileReference; fileEncoding = 4; lastKnownFileType = sourcecode.c.objc; path = UITests.m; sourceTree = "<group>"; };
		A072BC1011E64A7DB0F30D3A /* Pods-TrafficLightsTests.xcconfig */ = {isa = PBXFileReference; includeInIndex = 1; lastKnownFileType = text.xcconfig; name = "Pods-TrafficLightsTests.xcconfig"; path = "Pods/Pods-TrafficLightsTests.xcconfig"; sourceTree = SOURCE_ROOT; };
		B1EA8BF3893E4C5D8AF4618D /* libPods-TrafficLightsTests.a */ = {isa = PBXFileReference; explicitFileType = archive.ar; includeInIndex = 0; path = "libPods-TrafficLightsTests.a"; sourceTree = BUILT_PRODUCTS_DIR; };
/* End PBXFileReference section */

/* Begin PBXFrameworksBuildPhase section */
		2228B6B917CF4E3600D39BA8 /* Frameworks */ = {
			isa = PBXFrameworksBuildPhase;
			buildActionMask = 2147483647;
			files = (
				2228B6C017CF4E3600D39BA8 /* UIKit.framework in Frameworks */,
				2228B6C217CF4E3600D39BA8 /* Foundation.framework in Frameworks */,
				2228B6C417CF4E3600D39BA8 /* CoreGraphics.framework in Frameworks */,
			);
			runOnlyForDeploymentPostprocessing = 0;
		};
		2228B6DE17CF4E3600D39BA8 /* Frameworks */ = {
			isa = PBXFrameworksBuildPhase;
			buildActionMask = 2147483647;
			files = (
				2228B6E417CF4E3600D39BA8 /* SenTestingKit.framework in Frameworks */,
				2228B6E517CF4E3600D39BA8 /* UIKit.framework in Frameworks */,
				2228B6E617CF4E3600D39BA8 /* Foundation.framework in Frameworks */,
				5C0AD4E6990044FBAE866948 /* libPods-TrafficLightsTests.a in Frameworks */,
			);
			runOnlyForDeploymentPostprocessing = 0;
		};
/* End PBXFrameworksBuildPhase section */

/* Begin PBXGroup section */
		2228B6B317CF4E3600D39BA8 = {
			isa = PBXGroup;
			children = (
				2228B6C517CF4E3600D39BA8 /* TrafficLights */,
				2228B6E917CF4E3600D39BA8 /* TrafficLightsTests */,
				2228B6BE17CF4E3600D39BA8 /* Frameworks */,
				2228B6BD17CF4E3600D39BA8 /* Products */,
				A072BC1011E64A7DB0F30D3A /* Pods-TrafficLightsTests.xcconfig */,
			);
			sourceTree = "<group>";
		};
		2228B6BD17CF4E3600D39BA8 /* Products */ = {
			isa = PBXGroup;
			children = (
				2228B6BC17CF4E3600D39BA8 /* TrafficLights.app */,
				2228B6E217CF4E3600D39BA8 /* TrafficLightsTests.octest */,
			);
			name = Products;
			sourceTree = "<group>";
		};
		2228B6BE17CF4E3600D39BA8 /* Frameworks */ = {
			isa = PBXGroup;
			children = (
				2228B6BF17CF4E3600D39BA8 /* UIKit.framework */,
				2228B6C117CF4E3600D39BA8 /* Foundation.framework */,
				2228B6C317CF4E3600D39BA8 /* CoreGraphics.framework */,
				2228B6E317CF4E3600D39BA8 /* SenTestingKit.framework */,
				B1EA8BF3893E4C5D8AF4618D /* libPods-TrafficLightsTests.a */,
			);
			name = Frameworks;
			sourceTree = "<group>";
		};
		2228B6C517CF4E3600D39BA8 /* TrafficLights */ = {
			isa = PBXGroup;
			children = (
				22470D9717CFA0DB0073CC2F /* assets */,
				2228B6FB17CF4E4700D39BA8 /* App delegate */,
				2228B6FC17CF4E4C00D39BA8 /* Model */,
				2228B6FA17CF4E3C00D39BA8 /* User interface */,
				2228B6C617CF4E3600D39BA8 /* Supporting Files */,
			);
			path = TrafficLights;
			sourceTree = "<group>";
		};
		2228B6C617CF4E3600D39BA8 /* Supporting Files */ = {
			isa = PBXGroup;
			children = (
				2228B6C717CF4E3600D39BA8 /* TrafficLights-Info.plist */,
				2228B6C817CF4E3600D39BA8 /* InfoPlist.strings */,
				2228B6CB17CF4E3600D39BA8 /* main.m */,
				2228B6CD17CF4E3600D39BA8 /* TrafficLights-Prefix.pch */,
				2228B6D117CF4E3600D39BA8 /* Default.png */,
				2228B6D317CF4E3600D39BA8 /* Default@2x.png */,
				2228B6D517CF4E3600D39BA8 /* Default-568h@2x.png */,
			);
			name = "Supporting Files";
			sourceTree = "<group>";
		};
		2228B6E917CF4E3600D39BA8 /* TrafficLightsTests */ = {
			isa = PBXGroup;
			children = (
				22470DA617CFA4220073CC2F /* UI tests */,
				2228B6FE17CF50B100D39BA8 /* Model tests */,
				2228B6FD17CF50A600D39BA8 /* Base tests */,
				2228B6EA17CF4E3600D39BA8 /* Supporting Files */,
			);
			path = TrafficLightsTests;
			sourceTree = "<group>";
		};
		2228B6EA17CF4E3600D39BA8 /* Supporting Files */ = {
			isa = PBXGroup;
			children = (
				2228B6EB17CF4E3600D39BA8 /* TrafficLightsTests-Info.plist */,
				2228B6EC17CF4E3600D39BA8 /* InfoPlist.strings */,
			);
			name = "Supporting Files";
			sourceTree = "<group>";
		};
		2228B6FA17CF4E3C00D39BA8 /* User interface */ = {
			isa = PBXGroup;
			children = (
				2228B6D717CF4E3600D39BA8 /* ViewController.h */,
				2228B6D817CF4E3600D39BA8 /* ViewController.m */,
				22470DA417CFA2600073CC2F /* ViewController.xib */,
			);
			name = "User interface";
			sourceTree = "<group>";
		};
		2228B6FB17CF4E4700D39BA8 /* App delegate */ = {
			isa = PBXGroup;
			children = (
				2228B6CE17CF4E3600D39BA8 /* AppDelegate.h */,
				2228B6CF17CF4E3600D39BA8 /* AppDelegate.m */,
			);
			name = "App delegate";
			sourceTree = "<group>";
		};
		2228B6FC17CF4E4C00D39BA8 /* Model */ = {
			isa = PBXGroup;
			children = (
				2228B70217CF5DA900D39BA8 /* LightEngine.h */,
				2228B70317CF5DA900D39BA8 /* LightEngine.m */,
			);
			name = Model;
			sourceTree = "<group>";
		};
		2228B6FD17CF50A600D39BA8 /* Base tests */ = {
			isa = PBXGroup;
			children = (
				2228B6F017CF4E3600D39BA8 /* TrafficLightsTests.m */,
			);
			name = "Base tests";
			sourceTree = "<group>";
		};
		2228B6FE17CF50B100D39BA8 /* Model tests */ = {
			isa = PBXGroup;
			children = (
				2228B70017CF50C300D39BA8 /* ModelTests.m */,
			);
			name = "Model tests";
			sourceTree = "<group>";
		};
		22470D9717CFA0DB0073CC2F /* assets */ = {
			isa = PBXGroup;
			children = (
				22470D9817CFA0DB0073CC2F /* lights.png */,
				22470D9917CFA0DB0073CC2F /* lights@2x.png */,
				22470D9A17CFA0DB0073CC2F /* noEntry.png */,
				22470D9B17CFA0DB0073CC2F /* noEntry@2x.jpg */,
				22470D9C17CFA0DB0073CC2F /* stop.png */,
				22470D9D17CFA0DB0073CC2F /* stop@2x.png */,
			);
			path = assets;
			sourceTree = SOURCE_ROOT;
		};
		22470DA617CFA4220073CC2F /* UI tests */ = {
			isa = PBXGroup;
			children = (
				22470DA817CFA4370073CC2F /* UITests.m */,
			);
			name = "UI tests";
			sourceTree = "<group>";
		};
/* End PBXGroup section */

/* Begin PBXNativeTarget section */
		2228B6BB17CF4E3600D39BA8 /* TrafficLights */ = {
			isa = PBXNativeTarget;
			buildConfigurationList = 2228B6F417CF4E3600D39BA8 /* Build configuration list for PBXNativeTarget "TrafficLights" */;
			buildPhases = (
				2228B6B817CF4E3600D39BA8 /* Sources */,
				2228B6B917CF4E3600D39BA8 /* Frameworks */,
				2228B6BA17CF4E3600D39BA8 /* Resources */,
			);
			buildRules = (
			);
			dependencies = (
			);
			name = TrafficLights;
			productName = TrafficLights;
			productReference = 2228B6BC17CF4E3600D39BA8 /* TrafficLights.app */;
			productType = "com.apple.product-type.application";
		};
		2228B6E117CF4E3600D39BA8 /* TrafficLightsTests */ = {
			isa = PBXNativeTarget;
			buildConfigurationList = 2228B6F717CF4E3600D39BA8 /* Build configuration list for PBXNativeTarget "TrafficLightsTests" */;
			buildPhases = (
				50B62FC069384124822218A9 /* Check Pods Manifest.lock */,
				2228B6DD17CF4E3600D39BA8 /* Sources */,
				2228B6DE17CF4E3600D39BA8 /* Frameworks */,
				2228B6DF17CF4E3600D39BA8 /* Resources */,
				2228B6E017CF4E3600D39BA8 /* ShellScript */,
				8D13ECAA4E3B46FB9ED25AC4 /* Copy Pods Resources */,
			);
			buildRules = (
			);
			dependencies = (
				2228B6E817CF4E3600D39BA8 /* PBXTargetDependency */,
			);
			name = TrafficLightsTests;
			productName = TrafficLightsTests;
			productReference = 2228B6E217CF4E3600D39BA8 /* TrafficLightsTests.octest */;
			productType = "com.apple.product-type.bundle";
		};
/* End PBXNativeTarget section */

/* Begin PBXProject section */
		2228B6B417CF4E3600D39BA8 /* Project object */ = {
			isa = PBXProject;
			attributes = {
				LastUpgradeCheck = 0460;
				ORGANIZATIONNAME = "Charismatic Megafauna Ltd";
			};
			buildConfigurationList = 2228B6B717CF4E3600D39BA8 /* Build configuration list for PBXProject "TrafficLights" */;
			compatibilityVersion = "Xcode 3.2";
			developmentRegion = English;
			hasScannedForEncodings = 0;
			knownRegions = (
				en,
			);
			mainGroup = 2228B6B317CF4E3600D39BA8;
			productRefGroup = 2228B6BD17CF4E3600D39BA8 /* Products */;
			projectDirPath = "";
			projectRoot = "";
			targets = (
				2228B6BB17CF4E3600D39BA8 /* TrafficLights */,
				2228B6E117CF4E3600D39BA8 /* TrafficLightsTests */,
			);
		};
/* End PBXProject section */

/* Begin PBXResourcesBuildPhase section */
		2228B6BA17CF4E3600D39BA8 /* Resources */ = {
			isa = PBXResourcesBuildPhase;
			buildActionMask = 2147483647;
			files = (
				2228B6CA17CF4E3600D39BA8 /* InfoPlist.strings in Resources */,
				2228B6D217CF4E3600D39BA8 /* Default.png in Resources */,
				2228B6D417CF4E3600D39BA8 /* Default@2x.png in Resources */,
				2228B6D617CF4E3600D39BA8 /* Default-568h@2x.png in Resources */,
				22470D9E17CFA0DB0073CC2F /* lights.png in Resources */,
				22470D9F17CFA0DB0073CC2F /* lights@2x.png in Resources */,
				22470DA017CFA0DB0073CC2F /* noEntry.png in Resources */,
				22470DA117CFA0DB0073CC2F /* noEntry@2x.jpg in Resources */,
				22470DA217CFA0DB0073CC2F /* stop.png in Resources */,
				22470DA317CFA0DB0073CC2F /* stop@2x.png in Resources */,
				22470DA517CFA2600073CC2F /* ViewController.xib in Resources */,
			);
			runOnlyForDeploymentPostprocessing = 0;
		};
		2228B6DF17CF4E3600D39BA8 /* Resources */ = {
			isa = PBXResourcesBuildPhase;
			buildActionMask = 2147483647;
			files = (
				2228B6EE17CF4E3600D39BA8 /* InfoPlist.strings in Resources */,
			);
			runOnlyForDeploymentPostprocessing = 0;
		};
/* End PBXResourcesBuildPhase section */

/* Begin PBXShellScriptBuildPhase section */
		2228B6E017CF4E3600D39BA8 /* ShellScript */ = {
			isa = PBXShellScriptBuildPhase;
			buildActionMask = 2147483647;
			files = (
			);
			inputPaths = (
			);
			outputPaths = (
			);
			runOnlyForDeploymentPostprocessing = 0;
			shellPath = /bin/sh;
			shellScript = "# Run the unit tests in this test bundle.\n\"${SYSTEM_DEVELOPER_DIR}/Tools/RunUnitTests\"\n";
		};
		50B62FC069384124822218A9 /* Check Pods Manifest.lock */ = {
			isa = PBXShellScriptBuildPhase;
			buildActionMask = 2147483647;
			files = (
			);
			inputPaths = (
			);
			name = "Check Pods Manifest.lock";
			outputPaths = (
			);
			runOnlyForDeploymentPostprocessing = 0;
			shellPath = /bin/sh;
			shellScript = "diff \"${PODS_ROOT}/../Podfile.lock\" \"${PODS_ROOT}/Manifest.lock\" > /dev/null\nif [[ $? != 0 ]] ; then\n    cat << EOM\nerror: The sandbox is not in sync with the Podfile.lock. Run 'pod install' or update your CocoaPods installation.\nEOM\n    exit 1\nfi\n";
			showEnvVarsInLog = 0;
		};
		8D13ECAA4E3B46FB9ED25AC4 /* Copy Pods Resources */ = {
			isa = PBXShellScriptBuildPhase;
			buildActionMask = 2147483647;
			files = (
			);
			inputPaths = (
			);
			name = "Copy Pods Resources";
			outputPaths = (
			);
			runOnlyForDeploymentPostprocessing = 0;
			shellPath = /bin/sh;
			shellScript = "\"${SRCROOT}/Pods/Pods-TrafficLightsTests-resources.sh\"\n";
			showEnvVarsInLog = 0;
		};
/* End PBXShellScriptBuildPhase section */

/* Begin PBXSourcesBuildPhase section */
		2228B6B817CF4E3600D39BA8 /* Sources */ = {
			isa = PBXSourcesBuildPhase;
			buildActionMask = 2147483647;
			files = (
				2228B6CC17CF4E3600D39BA8 /* main.m in Sources */,
				2228B6D017CF4E3600D39BA8 /* AppDelegate.m in Sources */,
				2228B6D917CF4E3600D39BA8 /* ViewController.m in Sources */,
				2228B70417CF5DA900D39BA8 /* LightEngine.m in Sources */,
			);
			runOnlyForDeploymentPostprocessing = 0;
		};
		2228B6DD17CF4E3600D39BA8 /* Sources */ = {
			isa = PBXSourcesBuildPhase;
			buildActionMask = 2147483647;
			files = (
				2228B6F117CF4E3600D39BA8 /* TrafficLightsTests.m in Sources */,
				2228B70117CF50C300D39BA8 /* ModelTests.m in Sources */,
				22470DA917CFA4370073CC2F /* UITests.m in Sources */,
			);
			runOnlyForDeploymentPostprocessing = 0;
		};
/* End PBXSourcesBuildPhase section */

/* Begin PBXTargetDependency section */
		2228B6E817CF4E3600D39BA8 /* PBXTargetDependency */ = {
			isa = PBXTargetDependency;
			target = 2228B6BB17CF4E3600D39BA8 /* TrafficLights */;
			targetProxy = 2228B6E717CF4E3600D39BA8 /* PBXContainerItemProxy */;
		};
/* End PBXTargetDependency section */

/* Begin PBXVariantGroup section */
		2228B6C817CF4E3600D39BA8 /* InfoPlist.strings */ = {
			isa = PBXVariantGroup;
			children = (
				2228B6C917CF4E3600D39BA8 /* en */,
			);
			name = InfoPlist.strings;
			sourceTree = "<group>";
		};
		2228B6EC17CF4E3600D39BA8 /* InfoPlist.strings */ = {
			isa = PBXVariantGroup;
			children = (
				2228B6ED17CF4E3600D39BA8 /* en */,
			);
			name = InfoPlist.strings;
			sourceTree = "<group>";
		};
/* End PBXVariantGroup section */

/* Begin XCBuildConfiguration section */
		2228B6F217CF4E3600D39BA8 /* Debug */ = {
			isa = XCBuildConfiguration;
			buildSettings = {
				ALWAYS_SEARCH_USER_PATHS = NO;
				CLANG_CXX_LANGUAGE_STANDARD = "gnu++0x";
				CLANG_CXX_LIBRARY = "libc++";
				CLANG_ENABLE_OBJC_ARC = YES;
				CLANG_WARN_CONSTANT_CONVERSION = YES;
				CLANG_WARN_EMPTY_BODY = YES;
				CLANG_WARN_ENUM_CONVERSION = YES;
				CLANG_WARN_INT_CONVERSION = YES;
				CLANG_WARN__DUPLICATE_METHOD_MATCH = YES;
				"CODE_SIGN_IDENTITY[sdk=iphoneos*]" = "iPhone Developer";
				COPY_PHASE_STRIP = NO;
				GCC_C_LANGUAGE_STANDARD = gnu99;
				GCC_DYNAMIC_NO_PIC = NO;
				GCC_OPTIMIZATION_LEVEL = 0;
				GCC_PREPROCESSOR_DEFINITIONS = (
					"DEBUG=1",
					"$(inherited)",
				);
				GCC_SYMBOLS_PRIVATE_EXTERN = NO;
				GCC_WARN_ABOUT_RETURN_TYPE = YES;
				GCC_WARN_UNINITIALIZED_AUTOS = YES;
				GCC_WARN_UNUSED_VARIABLE = YES;
				IPHONEOS_DEPLOYMENT_TARGET = 6.1;
				ONLY_ACTIVE_ARCH = YES;
				SDKROOT = iphoneos;
			};
			name = Debug;
		};
		2228B6F317CF4E3600D39BA8 /* Release */ = {
			isa = XCBuildConfiguration;
			buildSettings = {
				ALWAYS_SEARCH_USER_PATHS = NO;
				CLANG_CXX_LANGUAGE_STANDARD = "gnu++0x";
				CLANG_CXX_LIBRARY = "libc++";
				CLANG_ENABLE_OBJC_ARC = YES;
				CLANG_WARN_CONSTANT_CONVERSION = YES;
				CLANG_WARN_EMPTY_BODY = YES;
				CLANG_WARN_ENUM_CONVERSION = YES;
				CLANG_WARN_INT_CONVERSION = YES;
				CLANG_WARN__DUPLICATE_METHOD_MATCH = YES;
				"CODE_SIGN_IDENTITY[sdk=iphoneos*]" = "iPhone Developer";
				COPY_PHASE_STRIP = YES;
				GCC_C_LANGUAGE_STANDARD = gnu99;
				GCC_WARN_ABOUT_RETURN_TYPE = YES;
				GCC_WARN_UNINITIALIZED_AUTOS = YES;
				GCC_WARN_UNUSED_VARIABLE = YES;
				IPHONEOS_DEPLOYMENT_TARGET = 6.1;
				OTHER_CFLAGS = "-DNS_BLOCK_ASSERTIONS=1";
				SDKROOT = iphoneos;
				VALIDATE_PRODUCT = YES;
			};
			name = Release;
		};
		2228B6F517CF4E3600D39BA8 /* Debug */ = {
			isa = XCBuildConfiguration;
			buildSettings = {
				GCC_PRECOMPILE_PREFIX_HEADER = YES;
				GCC_PREFIX_HEADER = "TrafficLights/TrafficLights-Prefix.pch";
				INFOPLIST_FILE = "TrafficLights/TrafficLights-Info.plist";
				PRODUCT_NAME = "$(TARGET_NAME)";
				WRAPPER_EXTENSION = app;
			};
			name = Debug;
		};
		2228B6F617CF4E3600D39BA8 /* Release */ = {
			isa = XCBuildConfiguration;
			buildSettings = {
				GCC_PRECOMPILE_PREFIX_HEADER = YES;
				GCC_PREFIX_HEADER = "TrafficLights/TrafficLights-Prefix.pch";
				INFOPLIST_FILE = "TrafficLights/TrafficLights-Info.plist";
				PRODUCT_NAME = "$(TARGET_NAME)";
				WRAPPER_EXTENSION = app;
			};
			name = Release;
		};
		2228B6F817CF4E3600D39BA8 /* Debug */ = {
			isa = XCBuildConfiguration;
			baseConfigurationReference = A072BC1011E64A7DB0F30D3A /* Pods-TrafficLightsTests.xcconfig */;
			buildSettings = {
				BUNDLE_LOADER = "$(BUILT_PRODUCTS_DIR)/TrafficLights.app/TrafficLights";
				FRAMEWORK_SEARCH_PATHS = (
					"$(inherited)",
					"\"$(SDKROOT)/Developer/Library/Frameworks\"",
					"\"$(DEVELOPER_LIBRARY_DIR)/Frameworks\"",
				);
				GCC_PRECOMPILE_PREFIX_HEADER = YES;
				GCC_PREFIX_HEADER = "TrafficLights/TrafficLights-Prefix.pch";
				INFOPLIST_FILE = "TrafficLightsTests/TrafficLightsTests-Info.plist";
				PRODUCT_NAME = "$(TARGET_NAME)";
				TEST_HOST = "$(BUNDLE_LOADER)";
				WRAPPER_EXTENSION = octest;
			};
			name = Debug;
		};
		2228B6F917CF4E3600D39BA8 /* Release */ = {
			isa = XCBuildConfiguration;
			baseConfigurationReference = A072BC1011E64A7DB0F30D3A /* Pods-TrafficLightsTests.xcconfig */;
			buildSettings = {
				BUNDLE_LOADER = "$(BUILT_PRODUCTS_DIR)/TrafficLights.app/TrafficLights";
				FRAMEWORK_SEARCH_PATHS = (
					"$(inherited)",
					"\"$(SDKROOT)/Developer/Library/Frameworks\"",
					"\"$(DEVELOPER_LIBRARY_DIR)/Frameworks\"",
				);
				GCC_PRECOMPILE_PREFIX_HEADER = YES;
				GCC_PREFIX_HEADER = "TrafficLights/TrafficLights-Prefix.pch";
				INFOPLIST_FILE = "TrafficLightsTests/TrafficLightsTests-Info.plist";
				PRODUCT_NAME = "$(TARGET_NAME)";
				TEST_HOST = "$(BUNDLE_LOADER)";
				WRAPPER_EXTENSION = octest;
			};
			name = Release;
		};
/* End XCBuildConfiguration section */

/* Begin XCConfigurationList section */
		2228B6B717CF4E3600D39BA8 /* Build configuration list for PBXProject "TrafficLights" */ = {
			isa = XCConfigurationList;
			buildConfigurations = (
				2228B6F217CF4E3600D39BA8 /* Debug */,
				2228B6F317CF4E3600D39BA8 /* Release */,
			);
			defaultConfigurationIsVisible = 0;
			defaultConfigurationName = Release;
		};
		2228B6F417CF4E3600D39BA8 /* Build configuration list for PBXNativeTarget "TrafficLights" */ = {
			isa = XCConfigurationList;
			buildConfigurations = (
				2228B6F517CF4E3600D39BA8 /* Debug */,
				2228B6F617CF4E3600D39BA8 /* Release */,
			);
			defaultConfigurationIsVisible = 0;
			defaultConfigurationName = Release;
		};
		2228B6F717CF4E3600D39BA8 /* Build configuration list for PBXNativeTarget "TrafficLightsTests" */ = {
			isa = XCConfigurationList;
			buildConfigurations = (
				2228B6F817CF4E3600D39BA8 /* Debug */,
				2228B6F917CF4E3600D39BA8 /* Release */,
			);
			defaultConfigurationIsVisible = 0;
			defaultConfigurationName = Release;
		};
/* End XCConfigurationList section */
	};
	rootObject = 2228B6B417CF4E3600D39BA8 /* Project object */;
}
